
Microsoft Visual Studio Solution File, Format Version 11.00
# Visual Studio 2010
Project("{8BC9CEB8-8B4A-11D0-8D11-00A0C91BC942}") = "LayoutPODExport", "LayoutPODExport.vcxproj", "{DD2B21C9-B670-441B-88DA-CE6209137A8A}"
EndProject
Global
	GlobalSection(SolutionConfigurationPlatforms) = preSolution
		Debug|Win32 = Debug|Win32
		Release|Win32 = Release|Win32
	EndGlobalSection
	GlobalSection(ProjectConfigurationPlatforms) = postSolution
		{DD2B21C9-B670-441B-88DA-CE6209137A8A}.Debug|Win32.ActiveCfg = Debug|Win32
		{DD2B21C9-B670-441B-88DA-CE6209137A8A}.Debug|Win32.Build.0 = Debug|Win32
		{DD2B21C9-B670-441B-88DA-CE6209137A8A}.Release|Win32.ActiveCfg = Release|Win32
		{DD2B21C9-B670-441B-88DA-CE6209137A8A}.Release|Win32.Build.0 = Release|Win32
	EndGlobalSection
	GlobalSection(SolutionProperties) = preSolution
		HideSolutionNode = FALSE
	EndGlobalSection
EndGlobal
